
Microsoft Visual Studio Solution File, Format Version 12.00
# Visual Studio Version 17
VisualStudioVersion = 17.4.33103.184
MinimumVisualStudioVersion = 10.0.40219.1
Project("{FAE04EC0-301F-11D3-BF4B-00C04F79EFBC}") = "Assignment1", "Assignment1.csproj", "{ADA6EDB1-9748-42EA-8255-5EBE8D0D7CDE}"
EndProject
Global
	GlobalSection(SolutionConfigurationPlatforms) = preSolution
		Debug|Any CPU = Debug|Any CPU
		Release|Any CPU = Release|Any CPU
	EndGlobalSection
	GlobalSection(ProjectConfigurationPlatforms) = postSolution
		{ADA6EDB1-9748-42EA-8255-5EBE8D0D7CDE}.Debug|Any CPU.ActiveCfg = Debug|Any CPU
		{ADA6EDB1-9748-42EA-8255-5EBE8D0D7CDE}.Debug|Any CPU.Build.0 = Debug|Any CPU
		{ADA6EDB1-9748-42EA-8255-5EBE8D0D7CDE}.Release|Any CPU.ActiveCfg = Release|Any CPU
		{ADA6EDB1-9748-42EA-8255-5EBE8D0D7CDE}.Release|Any CPU.Build.0 = Release|Any CPU
	EndGlobalSection
	GlobalSection(SolutionProperties) = preSolution
		HideSolutionNode = FALSE
	EndGlobalSection
	GlobalSection(ExtensibilityGlobals) = postSolution
		SolutionGuid = {34A46CB9-4B9B-47B5-83AE-34848099870F}
	EndGlobalSection
EndGlobal
